{
  "requires": true,
  "lockfileVersion": 1,
  "dependencies": {
    "minimist": {
      "version": "1.2.5",
      "resolved": "https://registry.npmjs.org/minimist/-/minimist-1.2.5.tgz",
      "integrity": "sha512-FM9nNUYrRBAELZQT3xeZQ7fmMOBg6nWNmJKTcgsJeaLstP/UODVpGsr5OhXhhXg6f+qtJ8uiZ+PUxkDWcgIXLw=="
    },
    "mkdirp": {
      "version": "0.5.3",
      "resolved": "https://registry.npmjs.org/mkdirp/-/mkdirp-0.5.3.tgz",
      "integrity": "sha512-P+2gwrFqx8lhew375MQHHeTlY8AuOJSrGf0R5ddkEndUkmwpgUob/vQuBD1V22/Cw1/lJr4x+EjllSezBThzBg==",
      "requires": {
        "minimist": "^1.2.5"
      }
    },
    "plotly": {
      "version": "1.0.6",
      "resolved": "https://registry.npmjs.org/plotly/-/plotly-1.0.6.tgz",
      "integrity": "sha1-smcsPfiDM2Jb32hJgtDj9lIdeqo=",
      "requires": {
        "mkdirp": "~0.5.0"
      }
    }
  }
}
